// !$*UTF8*$!
{
	archiveVersion = 1;
	classes = {
	};
	objectVersion = 50;
	objects = {

/* Begin PBXBuildFile section */
		D22BEDD8242E76AA002B2DD1 /* AppDelegate.swift in Sources */ = {isa = PBXBuildFile; fileRef = D22BEDD7242E76AA002B2DD1 /* AppDelegate.swift */; };
		D22BEDDA242E76AA002B2DD1 /* ViewController.swift in Sources */ = {isa = PBXBuildFile; fileRef = D22BEDD9242E76AA002B2DD1 /* ViewController.swift */; };
		D22BEDDC242E76AD002B2DD1 /* Assets.xcassets in Resources */ = {isa = PBXBuildFile; fileRef = D22BEDDB242E76AD002B2DD1 /* Assets.xcassets */; };
		D22BEDDF242E76AD002B2DD1 /* Main.storyboard in Resources */ = {isa = PBXBuildFile; fileRef = D22BEDDD242E76AD002B2DD1 /* Main.storyboard */; };
		D22BEDEB242E76AD002B2DD1 /* Integration_ThreadedTests.swift in Sources */ = {isa = PBXBuildFile; fileRef = D22BEDEA242E76AD002B2DD1 /* Integration_ThreadedTests.swift */; };
/* End PBXBuildFile section */

/* Begin PBXContainerItemProxy section */
		D22BEDE7242E76AD002B2DD1 /* PBXContainerItemProxy */ = {
			isa = PBXContainerItemProxy;
			containerPortal = D22BEDCC242E76AA002B2DD1 /* Project object */;
			proxyType = 1;
			remoteGlobalIDString = D22BEDD3242E76AA002B2DD1;
			remoteInfo = "Integration Threaded";
		};
/* End PBXContainerItemProxy section */

/* Begin PBXFileReference section */
		D22BEDD4242E76AA002B2DD1 /* Integration Threaded.app */ = {isa = PBXFileReference; explicitFileType = wrapper.application; includeInIndex = 0; path = "Integration Threaded.app"; sourceTree = BUILT_PRODUCTS_DIR; };
		D22BEDD7242E76AA002B2DD1 /* AppDelegate.swift */ = {isa = PBXFileReference; lastKnownFileType = sourcecode.swift; path = AppDelegate.swift; sourceTree = "<group>"; };
		D22BEDD9242E76AA002B2DD1 /* ViewController.swift */ = {isa = PBXFileReference; lastKnownFileType = sourcecode.swift; path = ViewController.swift; sourceTree = "<group>"; };
		D22BEDDB242E76AD002B2DD1 /* Assets.xcassets */ = {isa = PBXFileReference; lastKnownFileType = folder.assetcatalog; path = Assets.xcassets; sourceTree = "<group>"; };
		D22BEDDE242E76AD002B2DD1 /* Base */ = {isa = PBXFileReference; lastKnownFileType = file.storyboard; name = Base; path = Base.lproj/Main.storyboard; sourceTree = "<group>"; };
		D22BEDE0242E76AD002B2DD1 /* Info.plist */ = {isa = PBXFileReference; lastKnownFileType = text.plist.xml; path = Info.plist; sourceTree = "<group>"; };
		D22BEDE1242E76AD002B2DD1 /* Integration_Threaded.entitlements */ = {isa = PBXFileReference; lastKnownFileType = text.plist.entitlements; path = Integration_Threaded.entitlements; sourceTree = "<group>"; };
		D22BEDE6242E76AD002B2DD1 /* Integration ThreadedTests.xctest */ = {isa = PBXFileReference; explicitFileType = wrapper.cfbundle; includeInIndex = 0; path = "Integration ThreadedTests.xctest"; sourceTree = BUILT_PRODUCTS_DIR; };
		D22BEDEA242E76AD002B2DD1 /* Integration_ThreadedTests.swift */ = {isa = PBXFileReference; lastKnownFileType = sourcecode.swift; path = Integration_ThreadedTests.swift; sourceTree = "<group>"; };
		D22BEDEC242E76AD002B2DD1 /* Info.plist */ = {isa = PBXFileReference; lastKnownFileType = text.plist.xml; path = Info.plist; sourceTree = "<group>"; };
/* End PBXFileReference section */

/* Begin PBXFrameworksBuildPhase section */
		D22BEDD1242E76AA002B2DD1 /* Frameworks */ = {
			isa = PBXFrameworksBuildPhase;
			buildActionMask = 2147483647;
			files = (
			);
			runOnlyForDeploymentPostprocessing = 0;
		};
		D22BEDE3242E76AD002B2DD1 /* Frameworks */ = {
			isa = PBXFrameworksBuildPhase;
			buildActionMask = 2147483647;
			files = (
			);
			runOnlyForDeploymentPostprocessing = 0;
		};
/* End PBXFrameworksBuildPhase section */

/* Begin PBXGroup section */
		D22BEDCB242E76AA002B2DD1 = {
			isa = PBXGroup;
			children = (
				D22BEDD6242E76AA002B2DD1 /* Integration Threaded */,
				D22BEDE9242E76AD002B2DD1 /* Integration ThreadedTests */,
				D22BEDD5242E76AA002B2DD1 /* Products */,
			);
			sourceTree = "<group>";
		};
		D22BEDD5242E76AA002B2DD1 /* Products */ = {
			isa = PBXGroup;
			children = (
				D22BEDD4242E76AA002B2DD1 /* Integration Threaded.app */,
				D22BEDE6242E76AD002B2DD1 /* Integration ThreadedTests.xctest */,
			);
			name = Products;
			sourceTree = "<group>";
		};
		D22BEDD6242E76AA002B2DD1 /* Integration Threaded */ = {
			isa = PBXGroup;
			children = (
				D22BEDD7242E76AA002B2DD1 /* AppDelegate.swift */,
				D22BEDD9242E76AA002B2DD1 /* ViewController.swift */,
				D22BEDDB242E76AD002B2DD1 /* Assets.xcassets */,
				D22BEDDD242E76AD002B2DD1 /* Main.storyboard */,
				D22BEDE0242E76AD002B2DD1 /* Info.plist */,
				D22BEDE1242E76AD002B2DD1 /* Integration_Threaded.entitlements */,
			);
			path = "Integration Threaded";
			sourceTree = "<group>";
		};
		D22BEDE9242E76AD002B2DD1 /* Integration ThreadedTests */ = {
			isa = PBXGroup;
			children = (
				D22BEDEA242E76AD002B2DD1 /* Integration_ThreadedTests.swift */,
				D22BEDEC242E76AD002B2DD1 /* Info.plist */,
			);
			path = "Integration ThreadedTests";
			sourceTree = "<group>";
		};
/* End PBXGroup section */

/* Begin PBXNativeTarget section */
		D22BEDD3242E76AA002B2DD1 /* Integration Threaded */ = {
			isa = PBXNativeTarget;
			buildConfigurationList = D22BEDEF242E76AD002B2DD1 /* Build configuration list for PBXNativeTarget "Integration Threaded" */;
			buildPhases = (
				D22BEDD0242E76AA002B2DD1 /* Sources */,
				D22BEDD1242E76AA002B2DD1 /* Frameworks */,
				D22BEDD2242E76AA002B2DD1 /* Resources */,
			);
			buildRules = (
			);
			dependencies = (
			);
			name = "Integration Threaded";
			productName = "Integration Threaded";
			productReference = D22BEDD4242E76AA002B2DD1 /* Integration Threaded.app */;
			productType = "com.apple.product-type.application";
		};
		D22BEDE5242E76AD002B2DD1 /* Integration ThreadedTests */ = {
			isa = PBXNativeTarget;
			buildConfigurationList = D22BEDF2242E76AD002B2DD1 /* Build configuration list for PBXNativeTarget "Integration ThreadedTests" */;
			buildPhases = (
				D22BEDE2242E76AD002B2DD1 /* Sources */,
				D22BEDE3242E76AD002B2DD1 /* Frameworks */,
				D22BEDE4242E76AD002B2DD1 /* Resources */,
			);
			buildRules = (
			);
			dependencies = (
				D22BEDE8242E76AD002B2DD1 /* PBXTargetDependency */,
			);
			name = "Integration ThreadedTests";
			productName = "Integration ThreadedTests";
			productReference = D22BEDE6242E76AD002B2DD1 /* Integration ThreadedTests.xctest */;
			productType = "com.apple.product-type.bundle.unit-test";
		};
/* End PBXNativeTarget section */

/* Begin PBXProject section */
		D22BEDCC242E76AA002B2DD1 /* Project object */ = {
			isa = PBXProject;
			attributes = {
				LastSwiftUpdateCheck = 1130;
				LastUpgradeCheck = 1130;
				ORGANIZATIONNAME = "Jeff Terry";
				TargetAttributes = {
					D22BEDD3242E76AA002B2DD1 = {
						CreatedOnToolsVersion = 11.3.1;
					};
					D22BEDE5242E76AD002B2DD1 = {
						CreatedOnToolsVersion = 11.3.1;
						TestTargetID = D22BEDD3242E76AA002B2DD1;
					};
				};
			};
			buildConfigurationList = D22BEDCF242E76AA002B2DD1 /* Build configuration list for PBXProject "Integration Threaded" */;
			compatibilityVersion = "Xcode 9.3";
			developmentRegion = en;
			hasScannedForEncodings = 0;
			knownRegions = (
				en,
				Base,
			);
			mainGroup = D22BEDCB242E76AA002B2DD1;
			productRefGroup = D22BEDD5242E76AA002B2DD1 /* Products */;
			projectDirPath = "";
			projectRoot = "";
			targets = (
				D22BEDD3242E76AA002B2DD1 /* Integration Threaded */,
				D22BEDE5242E76AD002B2DD1 /* Integration ThreadedTests */,
			);
		};
/* End PBXProject section */

/* Begin PBXResourcesBuildPhase section */
		D22BEDD2242E76AA002B2DD1 /* Resources */ = {
			isa = PBXResourcesBuildPhase;
			buildActionMask = 2147483647;
			files = (
				D22BEDDC242E76AD002B2DD1 /* Assets.xcassets in Resources */,
				D22BEDDF242E76AD002B2DD1 /* Main.storyboard in Resources */,
			);
			runOnlyForDeploymentPostprocessing = 0;
		};
		D22BEDE4242E76AD002B2DD1 /* Resources */ = {
			isa = PBXResourcesBuildPhase;
			buildActionMask = 2147483647;
			files = (
			);
			runOnlyForDeploymentPostprocessing = 0;
		};
/* End PBXResourcesBuildPhase section */

/* Begin PBXSourcesBuildPhase section */
		D22BEDD0242E76AA002B2DD1 /* Sources */ = {
			isa = PBXSourcesBuildPhase;
			buildActionMask = 2147483647;
			files = (
				D22BEDDA242E76AA002B2DD1 /* ViewController.swift in Sources */,
				D22BEDD8242E76AA002B2DD1 /* AppDelegate.swift in Sources */,
			);
			runOnlyForDeploymentPostprocessing = 0;
		};
		D22BEDE2242E76AD002B2DD1 /* Sources */ = {
			isa = PBXSourcesBuildPhase;
			buildActionMask = 2147483647;
			files = (
				D22BEDEB242E76AD002B2DD1 /* Integration_ThreadedTests.swift in Sources */,
			);
			runOnlyForDeploymentPostprocessing = 0;
		};
/* End PBXSourcesBuildPhase section */

/* Begin PBXTargetDependency section */
		D22BEDE8242E76AD002B2DD1 /* PBXTargetDependency */ = {
			isa = PBXTargetDependency;
			target = D22BEDD3242E76AA002B2DD1 /* Integration Threaded */;
			targetProxy = D22BEDE7242E76AD002B2DD1 /* PBXContainerItemProxy */;
		};
/* End PBXTargetDependency section */

/* Begin PBXVariantGroup section */
		D22BEDDD242E76AD002B2DD1 /* Main.storyboard */ = {
			isa = PBXVariantGroup;
			children = (
				D22BEDDE242E76AD002B2DD1 /* Base */,
			);
			name = Main.storyboard;
			sourceTree = "<group>";
		};
/* End PBXVariantGroup section */

/* Begin XCBuildConfiguration section */
		D22BEDED242E76AD002B2DD1 /* Debug */ = {
			isa = XCBuildConfiguration;
			buildSettings = {
				ALWAYS_SEARCH_USER_PATHS = NO;
				CLANG_ANALYZER_NONNULL = YES;
				CLANG_ANALYZER_NUMBER_OBJECT_CONVERSION = YES_AGGRESSIVE;
				CLANG_CXX_LANGUAGE_STANDARD = "gnu++14";
				CLANG_CXX_LIBRARY = "libc++";
				CLANG_ENABLE_MODULES = YES;
				CLANG_ENABLE_OBJC_ARC = YES;
				CLANG_ENABLE_OBJC_WEAK = YES;
				CLANG_WARN_BLOCK_CAPTURE_AUTORELEASING = YES;
				CLANG_WARN_BOOL_CONVERSION = YES;
				CLANG_WARN_COMMA = YES;
				CLANG_WARN_CONSTANT_CONVERSION = YES;
				CLANG_WARN_DEPRECATED_OBJC_IMPLEMENTATIONS = YES;
				CLANG_WARN_DIRECT_OBJC_ISA_USAGE = YES_ERROR;
				CLANG_WARN_DOCUMENTATION_COMMENTS = YES;
				CLANG_WARN_EMPTY_BODY = YES;
				CLANG_WARN_ENUM_CONVERSION = YES;
				CLANG_WARN_INFINITE_RECURSION = YES;
				CLANG_WARN_INT_CONVERSION = YES;
				CLANG_WARN_NON_LITERAL_NULL_CONVERSION = YES;
				CLANG_WARN_OBJC_IMPLICIT_RETAIN_SELF = YES;
				CLANG_WARN_OBJC_LITERAL_CONVERSION = YES;
				CLANG_WARN_OBJC_ROOT_CLASS = YES_ERROR;
				CLANG_WARN_RANGE_LOOP_ANALYSIS = YES;
				CLANG_WARN_STRICT_PROTOTYPES = YES;
				CLANG_WARN_SUSPICIOUS_MOVE = YES;
				CLANG_WARN_UNGUARDED_AVAILABILITY = YES_AGGRESSIVE;
				CLANG_WARN_UNREACHABLE_CODE = YES;
				CLANG_WARN__DUPLICATE_METHOD_MATCH = YES;
				COPY_PHASE_STRIP = NO;
				DEBUG_INFORMATION_FORMAT = dwarf;
				ENABLE_STRICT_OBJC_MSGSEND = YES;
				ENABLE_TESTABILITY = YES;
				GCC_C_LANGUAGE_STANDARD = gnu11;
				GCC_DYNAMIC_NO_PIC = NO;
				GCC_NO_COMMON_BLOCKS = YES;
				GCC_OPTIMIZATION_LEVEL = 0;
				GCC_PREPROCESSOR_DEFINITIONS = (
					"DEBUG=1",
					"$(inherited)",
				);
				GCC_WARN_64_TO_32_BIT_CONVERSION = YES;
				GCC_WARN_ABOUT_RETURN_TYPE = YES_ERROR;
				GCC_WARN_UNDECLARED_SELECTOR = YES;
				GCC_WARN_UNINITIALIZED_AUTOS = YES_AGGRESSIVE;
				GCC_WARN_UNUSED_FUNCTION = YES;
				GCC_WARN_UNUSED_VARIABLE = YES;
				MACOSX_DEPLOYMENT_TARGET = 10.15;
				MTL_ENABLE_DEBUG_INFO = INCLUDE_SOURCE;
				MTL_FAST_MATH = YES;
				ONLY_ACTIVE_ARCH = YES;
				SDKROOT = macosx;
				SWIFT_ACTIVE_COMPILATION_CONDITIONS = DEBUG;
				SWIFT_OPTIMIZATION_LEVEL = "-Onone";
			};
			name = Debug;
		};
		D22BEDEE242E76AD002B2DD1 /* Release */ = {
			isa = XCBuildConfiguration;
			buildSettings = {
				ALWAYS_SEARCH_USER_PATHS = NO;
				CLANG_ANALYZER_NONNULL = YES;
				CLANG_ANALYZER_NUMBER_OBJECT_CONVERSION = YES_AGGRESSIVE;
				CLANG_CXX_LANGUAGE_STANDARD = "gnu++14";
				CLANG_CXX_LIBRARY = "libc++";
				CLANG_ENABLE_MODULES = YES;
				CLANG_ENABLE_OBJC_ARC = YES;
				CLANG_ENABLE_OBJC_WEAK = YES;
				CLANG_WARN_BLOCK_CAPTURE_AUTORELEASING = YES;
				CLANG_WARN_BOOL_CONVERSION = YES;
				CLANG_WARN_COMMA = YES;
				CLANG_WARN_CONSTANT_CONVERSION = YES;
				CLANG_WARN_DEPRECATED_OBJC_IMPLEMENTATIONS = YES;
				CLANG_WARN_DIRECT_OBJC_ISA_USAGE = YES_ERROR;
				CLANG_WARN_DOCUMENTATION_COMMENTS = YES;
				CLANG_WARN_EMPTY_BODY = YES;
				CLANG_WARN_ENUM_CONVERSION = YES;
				CLANG_WARN_INFINITE_RECURSION = YES;
				CLANG_WARN_INT_CONVERSION = YES;
				CLANG_WARN_NON_LITERAL_NULL_CONVERSION = YES;
				CLANG_WARN_OBJC_IMPLICIT_RETAIN_SELF = YES;
				CLANG_WARN_OBJC_LITERAL_CONVERSION = YES;
				CLANG_WARN_OBJC_ROOT_CLASS = YES_ERROR;
				CLANG_WARN_RANGE_LOOP_ANALYSIS = YES;
				CLANG_WARN_STRICT_PROTOTYPES = YES;
				CLANG_WARN_SUSPICIOUS_MOVE = YES;
				CLANG_WARN_UNGUARDED_AVAILABILITY = YES_AGGRESSIVE;
				CLANG_WARN_UNREACHABLE_CODE = YES;
				CLANG_WARN__DUPLICATE_METHOD_MATCH = YES;
				COPY_PHASE_STRIP = NO;
				DEBUG_INFORMATION_FORMAT = "dwarf-with-dsym";
				ENABLE_NS_ASSERTIONS = NO;
				ENABLE_STRICT_OBJC_MSGSEND = YES;
				GCC_C_LANGUAGE_STANDARD = gnu11;
				GCC_NO_COMMON_BLOCKS = YES;
				GCC_WARN_64_TO_32_BIT_CONVERSION = YES;
				GCC_WARN_ABOUT_RETURN_TYPE = YES_ERROR;
				GCC_WARN_UNDECLARED_SELECTOR = YES;
				GCC_WARN_UNINITIALIZED_AUTOS = YES_AGGRESSIVE;
				GCC_WARN_UNUSED_FUNCTION = YES;
				GCC_WARN_UNUSED_VARIABLE = YES;
				MACOSX_DEPLOYMENT_TARGET = 10.15;
				MTL_ENABLE_DEBUG_INFO = NO;
				MTL_FAST_MATH = YES;
				SDKROOT = macosx;
				SWIFT_COMPILATION_MODE = wholemodule;
				SWIFT_OPTIMIZATION_LEVEL = "-O";
			};
			name = Release;
		};
		D22BEDF0242E76AD002B2DD1 /* Debug */ = {
			isa = XCBuildConfiguration;
			buildSettings = {
				ASSETCATALOG_COMPILER_APPICON_NAME = AppIcon;
				CODE_SIGN_ENTITLEMENTS = "Integration Threaded/Integration_Threaded.entitlements";
				CODE_SIGN_STYLE = Automatic;
				COMBINE_HIDPI_IMAGES = YES;
				INFOPLIST_FILE = "Integration Threaded/Info.plist";
				LD_RUNPATH_SEARCH_PATHS = (
					"$(inherited)",
					"@executable_path/../Frameworks",
				);
				PRODUCT_BUNDLE_IDENTIFIER = "com.jtiit.Integration-Threaded";
				PRODUCT_NAME = "$(TARGET_NAME)";
				SWIFT_VERSION = 5.0;
			};
			name = Debug;
		};
		D22BEDF1242E76AD002B2DD1 /* Release */ = {
			isa = XCBuildConfiguration;
			buildSettings = {
				ASSETCATALOG_COMPILER_APPICON_NAME = AppIcon;
				CODE_SIGN_ENTITLEMENTS = "Integration Threaded/Integration_Threaded.entitlements";
				CODE_SIGN_STYLE = Automatic;
				COMBINE_HIDPI_IMAGES = YES;
				INFOPLIST_FILE = "Integration Threaded/Info.plist";
				LD_RUNPATH_SEARCH_PATHS = (
					"$(inherited)",
					"@executable_path/../Frameworks",
				);
				PRODUCT_BUNDLE_IDENTIFIER = "com.jtiit.Integration-Threaded";
				PRODUCT_NAME = "$(TARGET_NAME)";
				SWIFT_VERSION = 5.0;
			};
			name = Release;
		};
		D22BEDF3242E76AD002B2DD1 /* Debug */ = {
			isa = XCBuildConfiguration;
			buildSettings = {
				ALWAYS_EMBED_SWIFT_STANDARD_LIBRARIES = YES;
				BUNDLE_LOADER = "$(TEST_HOST)";
				CODE_SIGN_STYLE = Automatic;
				COMBINE_HIDPI_IMAGES = YES;
				INFOPLIST_FILE = "Integration ThreadedTests/Info.plist";
				LD_RUNPATH_SEARCH_PATHS = (
					"$(inherited)",
					"@executable_path/../Frameworks",
					"@loader_path/../Frameworks",
				);
				MACOSX_DEPLOYMENT_TARGET = 10.15;
				PRODUCT_BUNDLE_IDENTIFIER = "com.jtiit.Integration-ThreadedTests";
				PRODUCT_NAME = "$(TARGET_NAME)";
				SWIFT_VERSION = 5.0;
				TEST_HOST = "$(BUILT_PRODUCTS_DIR)/Integration Threaded.app/Contents/MacOS/Integration Threaded";
			};
			name = Debug;
		};
		D22BEDF4242E76AD002B2DD1 /* Release */ = {
			isa = XCBuildConfiguration;
			buildSettings = {
				ALWAYS_EMBED_SWIFT_STANDARD_LIBRARIES = YES;
				BUNDLE_LOADER = "$(TEST_HOST)";
				CODE_SIGN_STYLE = Automatic;
				COMBINE_HIDPI_IMAGES = YES;
				INFOPLIST_FILE = "Integration ThreadedTests/Info.plist";
				LD_RUNPATH_SEARCH_PATHS = (
					"$(inherited)",
					"@executable_path/../Frameworks",
					"@loader_path/../Frameworks",
				);
				MACOSX_DEPLOYMENT_TARGET = 10.15;
				PRODUCT_BUNDLE_IDENTIFIER = "com.jtiit.Integration-ThreadedTests";
				PRODUCT_NAME = "$(TARGET_NAME)";
				SWIFT_VERSION = 5.0;
				TEST_HOST = "$(BUILT_PRODUCTS_DIR)/Integration Threaded.app/Contents/MacOS/Integration Threaded";
			};
			name = Release;
		};
/* End XCBuildConfiguration section */

/* Begin XCConfigurationList section */
		D22BEDCF242E76AA002B2DD1 /* Build configuration list for PBXProject "Integration Threaded" */ = {
			isa = XCConfigurationList;
			buildConfigurations = (
				D22BEDED242E76AD002B2DD1 /* Debug */,
				D22BEDEE242E76AD002B2DD1 /* Release */,
			);
			defaultConfigurationIsVisible = 0;
			defaultConfigurationName = Release;
		};
		D22BEDEF242E76AD002B2DD1 /* Build configuration list for PBXNativeTarget "Integration Threaded" */ = {
			isa = XCConfigurationList;
			buildConfigurations = (
				D22BEDF0242E76AD002B2DD1 /* Debug */,
				D22BEDF1242E76AD002B2DD1 /* Release */,
			);
			defaultConfigurationIsVisible = 0;
			defaultConfigurationName = Release;
		};
		D22BEDF2242E76AD002B2DD1 /* Build configuration list for PBXNativeTarget "Integration ThreadedTests" */ = {
			isa = XCConfigurationList;
			buildConfigurations = (
				D22BEDF3242E76AD002B2DD1 /* Debug */,
				D22BEDF4242E76AD002B2DD1 /* Release */,
			);
			defaultConfigurationIsVisible = 0;
			defaultConfigurationName = Release;
		};
/* End XCConfigurationList section */
	};
	rootObject = D22BEDCC242E76AA002B2DD1 /* Project object */;
}
